
Microsoft Visual Studio Solution File, Format Version 12.00
# Visual Studio Version 17
VisualStudioVersion = 17.0.31903.59
MinimumVisualStudioVersion = 10.0.40219.1
Project("{2150E333-8FDC-42A3-9474-1A3956D46DE8}") = "src", "src", "{827E0CD3-B72D-47B6-A68D-7590B98EB39B}"
EndProject
Project("{FAE04EC0-301F-11D3-BF4B-00C04F79EFBC}") = "Athena.Core", "src\Athena.Core\Athena.Core.csproj", "{BACB992B-D38D-45B1-B746-BA0378BE7BB0}"
EndProject
Project("{FAE04EC0-301F-11D3-BF4B-00C04F79EFBC}") = "Athena.Ingestion", "src\Athena.Ingestion\Athena.Ingestion.csproj", "{CF28C0AD-139A-447F-AB20-541B46DA7C1D}"
EndProject
Project("{FAE04EC0-301F-11D3-BF4B-00C04F79EFBC}") = "Athena.Retrieval", "src\Athena.Retrieval\Athena.Retrieval.csproj", "{9AD36263-E875-4C7F-A0DF-D48DC2EB31A6}"
EndProject
Project("{FAE04EC0-301F-11D3-BF4B-00C04F79EFBC}") = "Athena.Recommendation", "src\Athena.Recommendation\Athena.Recommendation.csproj", "{0D7A172B-B9C1-4449-87F7-94FD94F140BB}"
EndProject
Project("{FAE04EC0-301F-11D3-BF4B-00C04F79EFBC}") = "Athena.Plugins", "src\Athena.Plugins\Athena.Plugins.csproj", "{C7BBBD5F-605A-4D6A-8EBC-C7D21865C813}"
EndProject
Project("{FAE04EC0-301F-11D3-BF4B-00C04F79EFBC}") = "Athena.Filters", "src\Athena.Filters\Athena.Filters.csproj", "{FF13F530-F67A-400D-8A64-14E5DC77071E}"
EndProject
Project("{FAE04EC0-301F-11D3-BF4B-00C04F79EFBC}") = "Athena.Agent", "src\Athena.Agent\Athena.Agent.csproj", "{E2487040-6C60-4FE5-BCCF-A1461846E0BD}"
EndProject
Project("{FAE04EC0-301F-11D3-BF4B-00C04F79EFBC}") = "Athena.Eval", "src\Athena.Eval\Athena.Eval.csproj", "{8A718377-F72A-4FA5-9E42-44896638495C}"
EndProject
Project("{FAE04EC0-301F-11D3-BF4B-00C04F79EFBC}") = "Athena.Web", "src\Athena.Web\Athena.Web.csproj", "{52C3F869-BC68-4DA9-995D-ABD420C8188C}"
EndProject
Project("{2150E333-8FDC-42A3-9474-1A3956D46DE8}") = "tests", "tests", "{0AB3BF05-4346-4AA6-1389-037BE0695223}"
EndProject
Project("{FAE04EC0-301F-11D3-BF4B-00C04F79EFBC}") = "Athena.Tests", "tests\Athena.Tests\Athena.Tests.csproj", "{F14B3D2F-987F-4415-B817-C66FFA64B98C}"
EndProject
Global
	GlobalSection(SolutionConfigurationPlatforms) = preSolution
		Debug|Any CPU = Debug|Any CPU
		Debug|x64 = Debug|x64
		Debug|x86 = Debug|x86
		Release|Any CPU = Release|Any CPU
		Release|x64 = Release|x64
		Release|x86 = Release|x86
	EndGlobalSection
	GlobalSection(ProjectConfigurationPlatforms) = postSolution
		{BACB992B-D38D-45B1-B746-BA0378BE7BB0}.Debug|Any CPU.ActiveCfg = Debug|Any CPU
		{BACB992B-D38D-45B1-B746-BA0378BE7BB0}.Debug|Any CPU.Build.0 = Debug|Any CPU
		{BACB992B-D38D-45B1-B746-BA0378BE7BB0}.Debug|x64.ActiveCfg = Debug|Any CPU
		{BACB992B-D38D-45B1-B746-BA0378BE7BB0}.Debug|x64.Build.0 = Debug|Any CPU
		{BACB992B-D38D-45B1-B746-BA0378BE7BB0}.Debug|x86.ActiveCfg = Debug|Any CPU
		{BACB992B-D38D-45B1-B746-BA0378BE7BB0}.Debug|x86.Build.0 = Debug|Any CPU
		{BACB992B-D38D-45B1-B746-BA0378BE7BB0}.Release|Any CPU.ActiveCfg = Release|Any CPU
		{BACB992B-D38D-45B1-B746-BA0378BE7BB0}.Release|Any CPU.Build.0 = Release|Any CPU
		{BACB992B-D38D-45B1-B746-BA0378BE7BB0}.Release|x64.ActiveCfg = Release|Any CPU
		{BACB992B-D38D-45B1-B746-BA0378BE7BB0}.Release|x64.Build.0 = Release|Any CPU
		{BACB992B-D38D-45B1-B746-BA0378BE7BB0}.Release|x86.ActiveCfg = Release|Any CPU
		{BACB992B-D38D-45B1-B746-BA0378BE7BB0}.Release|x86.Build.0 = Release|Any CPU
		{CF28C0AD-139A-447F-AB20-541B46DA7C1D}.Debug|Any CPU.ActiveCfg = Debug|Any CPU
		{CF28C0AD-139A-447F-AB20-541B46DA7C1D}.Debug|Any CPU.Build.0 = Debug|Any CPU
		{CF28C0AD-139A-447F-AB20-541B46DA7C1D}.Debug|x64.ActiveCfg = Debug|Any CPU
		{CF28C0AD-139A-447F-AB20-541B46DA7C1D}.Debug|x64.Build.0 = Debug|Any CPU
		{CF28C0AD-139A-447F-AB20-541B46DA7C1D}.Debug|x86.ActiveCfg = Debug|Any CPU
		{CF28C0AD-139A-447F-AB20-541B46DA7C1D}.Debug|x86.Build.0 = Debug|Any CPU
		{CF28C0AD-139A-447F-AB20-541B46DA7C1D}.Release|Any CPU.ActiveCfg = Release|Any CPU
		{CF28C0AD-139A-447F-AB20-541B46DA7C1D}.Release|Any CPU.Build.0 = Release|Any CPU
		{CF28C0AD-139A-447F-AB20-541B46DA7C1D}.Release|x64.ActiveCfg = Release|Any CPU
		{CF28C0AD-139A-447F-AB20-541B46DA7C1D}.Release|x64.Build.0 = Release|Any CPU
		{CF28C0AD-139A-447F-AB20-541B46DA7C1D}.Release|x86.ActiveCfg = Release|Any CPU
		{CF28C0AD-139A-447F-AB20-541B46DA7C1D}.Release|x86.Build.0 = Release|Any CPU
		{9AD36263-E875-4C7F-A0DF-D48DC2EB31A6}.Debug|Any CPU.ActiveCfg = Debug|Any CPU
		{9AD36263-E875-4C7F-A0DF-D48DC2EB31A6}.Debug|Any CPU.Build.0 = Debug|Any CPU
		{9AD36263-E875-4C7F-A0DF-D48DC2EB31A6}.Debug|x64.ActiveCfg = Debug|Any CPU
		{9AD36263-E875-4C7F-A0DF-D48DC2EB31A6}.Debug|x64.Build.0 = Debug|Any CPU
		{9AD36263-E875-4C7F-A0DF-D48DC2EB31A6}.Debug|x86.ActiveCfg = Debug|Any CPU
		{9AD36263-E875-4C7F-A0DF-D48DC2EB31A6}.Debug|x86.Build.0 = Debug|Any CPU
		{9AD36263-E875-4C7F-A0DF-D48DC2EB31A6}.Release|Any CPU.ActiveCfg = Release|Any CPU
		{9AD36263-E875-4C7F-A0DF-D48DC2EB31A6}.Release|Any CPU.Build.0 = Release|Any CPU
		{9AD36263-E875-4C7F-A0DF-D48DC2EB31A6}.Release|x64.ActiveCfg = Release|Any CPU
		{9AD36263-E875-4C7F-A0DF-D48DC2EB31A6}.Release|x64.Build.0 = Release|Any CPU
		{9AD36263-E875-4C7F-A0DF-D48DC2EB31A6}.Release|x86.ActiveCfg = Release|Any CPU
		{9AD36263-E875-4C7F-A0DF-D48DC2EB31A6}.Release|x86.Build.0 = Release|Any CPU
		{0D7A172B-B9C1-4449-87F7-94FD94F140BB}.Debug|Any CPU.ActiveCfg = Debug|Any CPU
		{0D7A172B-B9C1-4449-87F7-94FD94F140BB}.Debug|Any CPU.Build.0 = Debug|Any CPU
		{0D7A172B-B9C1-4449-87F7-94FD94F140BB}.Debug|x64.ActiveCfg = Debug|Any CPU
		{0D7A172B-B9C1-4449-87F7-94FD94F140BB}.Debug|x64.Build.0 = Debug|Any CPU
		{0D7A172B-B9C1-4449-87F7-94FD94F140BB}.Debug|x86.ActiveCfg = Debug|Any CPU
		{0D7A172B-B9C1-4449-87F7-94FD94F140BB}.Debug|x86.Build.0 = Debug|Any CPU
		{0D7A172B-B9C1-4449-87F7-94FD94F140BB}.Release|Any CPU.ActiveCfg = Release|Any CPU
		{0D7A172B-B9C1-4449-87F7-94FD94F140BB}.Release|Any CPU.Build.0 = Release|Any CPU
		{0D7A172B-B9C1-4449-87F7-94FD94F140BB}.Release|x64.ActiveCfg = Release|Any CPU
		{0D7A172B-B9C1-4449-87F7-94FD94F140BB}.Release|x64.Build.0 = Release|Any CPU
		{0D7A172B-B9C1-4449-87F7-94FD94F140BB}.Release|x86.ActiveCfg = Release|Any CPU
		{0D7A172B-B9C1-4449-87F7-94FD94F140BB}.Release|x86.Build.0 = Release|Any CPU
		{C7BBBD5F-605A-4D6A-8EBC-C7D21865C813}.Debug|Any CPU.ActiveCfg = Debug|Any CPU
		{C7BBBD5F-605A-4D6A-8EBC-C7D21865C813}.Debug|Any CPU.Build.0 = Debug|Any CPU
		{C7BBBD5F-605A-4D6A-8EBC-C7D21865C813}.Debug|x64.ActiveCfg = Debug|Any CPU
		{C7BBBD5F-605A-4D6A-8EBC-C7D21865C813}.Debug|x64.Build.0 = Debug|Any CPU
		{C7BBBD5F-605A-4D6A-8EBC-C7D21865C813}.Debug|x86.ActiveCfg = Debug|Any CPU
		{C7BBBD5F-605A-4D6A-8EBC-C7D21865C813}.Debug|x86.Build.0 = Debug|Any CPU
		{C7BBBD5F-605A-4D6A-8EBC-C7D21865C813}.Release|Any CPU.ActiveCfg = Release|Any CPU
		{C7BBBD5F-605A-4D6A-8EBC-C7D21865C813}.Release|Any CPU.Build.0 = Release|Any CPU
		{C7BBBD5F-605A-4D6A-8EBC-C7D21865C813}.Release|x64.ActiveCfg = Release|Any CPU
		{C7BBBD5F-605A-4D6A-8EBC-C7D21865C813}.Release|x64.Build.0 = Release|Any CPU
		{C7BBBD5F-605A-4D6A-8EBC-C7D21865C813}.Release|x86.ActiveCfg = Release|Any CPU
		{C7BBBD5F-605A-4D6A-8EBC-C7D21865C813}.Release|x86.Build.0 = Release|Any CPU
		{FF13F530-F67A-400D-8A64-14E5DC77071E}.Debug|Any CPU.ActiveCfg = Debug|Any CPU
		{FF13F530-F67A-400D-8A64-14E5DC77071E}.Debug|Any CPU.Build.0 = Debug|Any CPU
		{FF13F530-F67A-400D-8A64-14E5DC77071E}.Debug|x64.ActiveCfg = Debug|Any CPU
		{FF13F530-F67A-400D-8A64-14E5DC77071E}.Debug|x64.Build.0 = Debug|Any CPU
		{FF13F530-F67A-400D-8A64-14E5DC77071E}.Debug|x86.ActiveCfg = Debug|Any CPU
		{FF13F530-F67A-400D-8A64-14E5DC77071E}.Debug|x86.Build.0 = Debug|Any CPU
		{FF13F530-F67A-400D-8A64-14E5DC77071E}.Release|Any CPU.ActiveCfg = Release|Any CPU
		{FF13F530-F67A-400D-8A64-14E5DC77071E}.Release|Any CPU.Build.0 = Release|Any CPU
		{FF13F530-F67A-400D-8A64-14E5DC77071E}.Release|x64.ActiveCfg = Release|Any CPU
		{FF13F530-F67A-400D-8A64-14E5DC77071E}.Release|x64.Build.0 = Release|Any CPU
		{FF13F530-F67A-400D-8A64-14E5DC77071E}.Release|x86.ActiveCfg = Release|Any CPU
		{FF13F530-F67A-400D-8A64-14E5DC77071E}.Release|x86.Build.0 = Release|Any CPU
		{E2487040-6C60-4FE5-BCCF-A1461846E0BD}.Debug|Any CPU.ActiveCfg = Debug|Any CPU
		{E2487040-6C60-4FE5-BCCF-A1461846E0BD}.Debug|Any CPU.Build.0 = Debug|Any CPU
		{E2487040-6C60-4FE5-BCCF-A1461846E0BD}.Debug|x64.ActiveCfg = Debug|Any CPU
		{E2487040-6C60-4FE5-BCCF-A1461846E0BD}.Debug|x64.Build.0 = Debug|Any CPU
		{E2487040-6C60-4FE5-BCCF-A1461846E0BD}.Debug|x86.ActiveCfg = Debug|Any CPU
		{E2487040-6C60-4FE5-BCCF-A1461846E0BD}.Debug|x86.Build.0 = Debug|Any CPU
		{E2487040-6C60-4FE5-BCCF-A1461846E0BD}.Release|Any CPU.ActiveCfg = Release|Any CPU
		{E2487040-6C60-4FE5-BCCF-A1461846E0BD}.Release|Any CPU.Build.0 = Release|Any CPU
		{E2487040-6C60-4FE5-BCCF-A1461846E0BD}.Release|x64.ActiveCfg = Release|Any CPU
		{E2487040-6C60-4FE5-BCCF-A1461846E0BD}.Release|x64.Build.0 = Release|Any CPU
		{E2487040-6C60-4FE5-BCCF-A1461846E0BD}.Release|x86.ActiveCfg = Release|Any CPU
		{E2487040-6C60-4FE5-BCCF-A1461846E0BD}.Release|x86.Build.0 = Release|Any CPU
		{8A718377-F72A-4FA5-9E42-44896638495C}.Debug|Any CPU.ActiveCfg = Debug|Any CPU
		{8A718377-F72A-4FA5-9E42-44896638495C}.Debug|Any CPU.Build.0 = Debug|Any CPU
		{8A718377-F72A-4FA5-9E42-44896638495C}.Debug|x64.ActiveCfg = Debug|Any CPU
		{8A718377-F72A-4FA5-9E42-44896638495C}.Debug|x64.Build.0 = Debug|Any CPU
		{8A718377-F72A-4FA5-9E42-44896638495C}.Debug|x86.ActiveCfg = Debug|Any CPU
		{8A718377-F72A-4FA5-9E42-44896638495C}.Debug|x86.Build.0 = Debug|Any CPU
		{8A718377-F72A-4FA5-9E42-44896638495C}.Release|Any CPU.ActiveCfg = Release|Any CPU
		{8A718377-F72A-4FA5-9E42-44896638495C}.Release|Any CPU.Build.0 = Release|Any CPU
		{8A718377-F72A-4FA5-9E42-44896638495C}.Release|x64.ActiveCfg = Release|Any CPU
		{8A718377-F72A-4FA5-9E42-44896638495C}.Release|x64.Build.0 = Release|Any CPU
		{8A718377-F72A-4FA5-9E42-44896638495C}.Release|x86.ActiveCfg = Release|Any CPU
		{8A718377-F72A-4FA5-9E42-44896638495C}.Release|x86.Build.0 = Release|Any CPU
		{52C3F869-BC68-4DA9-995D-ABD420C8188C}.Debug|Any CPU.ActiveCfg = Debug|Any CPU
		{52C3F869-BC68-4DA9-995D-ABD420C8188C}.Debug|Any CPU.Build.0 = Debug|Any CPU
		{52C3F869-BC68-4DA9-995D-ABD420C8188C}.Debug|x64.ActiveCfg = Debug|Any CPU
		{52C3F869-BC68-4DA9-995D-ABD420C8188C}.Debug|x64.Build.0 = Debug|Any CPU
		{52C3F869-BC68-4DA9-995D-ABD420C8188C}.Debug|x86.ActiveCfg = Debug|Any CPU
		{52C3F869-BC68-4DA9-995D-ABD420C8188C}.Debug|x86.Build.0 = Debug|Any CPU
		{52C3F869-BC68-4DA9-995D-ABD420C8188C}.Release|Any CPU.ActiveCfg = Release|Any CPU
		{52C3F869-BC68-4DA9-995D-ABD420C8188C}.Release|Any CPU.Build.0 = Release|Any CPU
		{52C3F869-BC68-4DA9-995D-ABD420C8188C}.Release|x64.ActiveCfg = Release|Any CPU
		{52C3F869-BC68-4DA9-995D-ABD420C8188C}.Release|x64.Build.0 = Release|Any CPU
		{52C3F869-BC68-4DA9-995D-ABD420C8188C}.Release|x86.ActiveCfg = Release|Any CPU
		{52C3F869-BC68-4DA9-995D-ABD420C8188C}.Release|x86.Build.0 = Release|Any CPU
		{F14B3D2F-987F-4415-B817-C66FFA64B98C}.Debug|Any CPU.ActiveCfg = Debug|Any CPU
		{F14B3D2F-987F-4415-B817-C66FFA64B98C}.Debug|Any CPU.Build.0 = Debug|Any CPU
		{F14B3D2F-987F-4415-B817-C66FFA64B98C}.Debug|x64.ActiveCfg = Debug|Any CPU
		{F14B3D2F-987F-4415-B817-C66FFA64B98C}.Debug|x64.Build.0 = Debug|Any CPU
		{F14B3D2F-987F-4415-B817-C66FFA64B98C}.Debug|x86.ActiveCfg = Debug|Any CPU
		{F14B3D2F-987F-4415-B817-C66FFA64B98C}.Debug|x86.Build.0 = Debug|Any CPU
		{F14B3D2F-987F-4415-B817-C66FFA64B98C}.Release|Any CPU.ActiveCfg = Release|Any CPU
		{F14B3D2F-987F-4415-B817-C66FFA64B98C}.Release|Any CPU.Build.0 = Release|Any CPU
		{F14B3D2F-987F-4415-B817-C66FFA64B98C}.Release|x64.ActiveCfg = Release|Any CPU
		{F14B3D2F-987F-4415-B817-C66FFA64B98C}.Release|x64.Build.0 = Release|Any CPU
		{F14B3D2F-987F-4415-B817-C66FFA64B98C}.Release|x86.ActiveCfg = Release|Any CPU
		{F14B3D2F-987F-4415-B817-C66FFA64B98C}.Release|x86.Build.0 = Release|Any CPU
	EndGlobalSection
	GlobalSection(SolutionProperties) = preSolution
		HideSolutionNode = FALSE
	EndGlobalSection
	GlobalSection(NestedProjects) = preSolution
		{BACB992B-D38D-45B1-B746-BA0378BE7BB0} = {827E0CD3-B72D-47B6-A68D-7590B98EB39B}
		{CF28C0AD-139A-447F-AB20-541B46DA7C1D} = {827E0CD3-B72D-47B6-A68D-7590B98EB39B}
		{9AD36263-E875-4C7F-A0DF-D48DC2EB31A6} = {827E0CD3-B72D-47B6-A68D-7590B98EB39B}
		{0D7A172B-B9C1-4449-87F7-94FD94F140BB} = {827E0CD3-B72D-47B6-A68D-7590B98EB39B}
		{C7BBBD5F-605A-4D6A-8EBC-C7D21865C813} = {827E0CD3-B72D-47B6-A68D-7590B98EB39B}
		{FF13F530-F67A-400D-8A64-14E5DC77071E} = {827E0CD3-B72D-47B6-A68D-7590B98EB39B}
		{E2487040-6C60-4FE5-BCCF-A1461846E0BD} = {827E0CD3-B72D-47B6-A68D-7590B98EB39B}
		{8A718377-F72A-4FA5-9E42-44896638495C} = {827E0CD3-B72D-47B6-A68D-7590B98EB39B}
		{52C3F869-BC68-4DA9-995D-ABD420C8188C} = {827E0CD3-B72D-47B6-A68D-7590B98EB39B}
		{F14B3D2F-987F-4415-B817-C66FFA64B98C} = {0AB3BF05-4346-4AA6-1389-037BE0695223}
	EndGlobalSection
EndGlobal
