{
  "version": 2,
  "dependencies": {
    "net8.0": {
      "Microsoft.SemanticKernel": {
        "type": "Direct",
        "requested": "[1.78.0, )",
        "resolved": "1.78.0",
        "contentHash": "LDYMrdRSxX923KKAnniai1//2j2IkHmHfkPV8PfO2xS+m+4+sD8gaYywFRQGDJWzrZqzPK2JKKG1ID3g3h94jw==",
        "dependencies": {
          "Microsoft.SemanticKernel.Connectors.AzureOpenAI": "1.78.0",
          "Microsoft.SemanticKernel.Core": "1.78.0"
        }
      },
      "Microsoft.SemanticKernel.Agents.Core": {
        "type": "Direct",
        "requested": "[1.78.0, )",
        "resolved": "1.78.0",
        "contentHash": "wYoAYPd6dKmM3Rnr4myilNzOyC+1MwkFXXIJYIXYzqfPq0XQiy/L40gkY9gF+nB80PdM2k8K/szFrTtPP2Iv+Q==",
        "dependencies": {
          "Microsoft.SemanticKernel.Agents.Abstractions": "1.78.0",
          "Microsoft.SemanticKernel.Core": "1.78.0"
        }
      },
      "Microsoft.SemanticKernel.Connectors.InMemory": {
        "type": "Direct",
        "requested": "[1.74.0-preview, )",
        "resolved": "1.74.0-preview",
        "contentHash": "sDhrrF/nKO9AhMTHa7RTom9YhMQqTsTJrAfnomFtGlgl3bGU+SL+DCd9jwv8pEZ/+PCOhvU6o9lZU+g+3z4EPg==",
        "dependencies": {
          "Microsoft.Extensions.AI.Abstractions": "10.4.0",
          "Microsoft.Extensions.DependencyInjection.Abstractions": "10.0.4",
          "Microsoft.Extensions.VectorData.Abstractions": "10.1.0",
          "System.Linq.AsyncEnumerable": "10.0.4",
          "System.Numerics.Tensors": "10.0.4"
        }
      },
      "Microsoft.SemanticKernel.Connectors.OpenAI": {
        "type": "Direct",
        "requested": "[1.78.0, )",
        "resolved": "1.78.0",
        "contentHash": "e+5WNvoDPmd/ZmpWJnBv2QMJ6tP/ueVVWgh/r0sAKQk1gd+gDdxz9sc41UU1Lb7Qd/bDJwClkzp/4AZ2wc7UNg==",
        "dependencies": {
          "Microsoft.Extensions.AI.OpenAI": "10.5.0",
          "Microsoft.SemanticKernel.Core": "1.78.0",
          "OpenAI": "2.10.0"
        }
      },
      "Azure.AI.OpenAI": {
        "type": "Transitive",
        "resolved": "2.9.0-beta.1",
        "contentHash": "CgIYDuCSOFx+yPuCdK7iz71OW2envfVeIE/YoNYK+mhr6bxgIJV6jfBF+mV9aHDQ6KVQjeSL6OZ7x90XrvsoRg==",
        "dependencies": {
          "Azure.Core": "1.51.1",
          "OpenAI": "2.9.1"
        }
      },
      "Azure.Core": {
        "type": "Transitive",
        "resolved": "1.51.1",
        "contentHash": "JRANrRvN5O5FFRh+pMUb8qqWU7jBQ39qXEbVr7Rkb1/s7rqc6RSzVHKGBz5Ro1gDy2WSGjG5YEOJKpPIBiCMcA==",
        "dependencies": {
          "Microsoft.Bcl.AsyncInterfaces": "10.0.2",
          "System.ClientModel": "1.9.0",
          "System.Memory.Data": "10.0.1"
        }
      },
      "J2N": {
        "type": "Transitive",
        "resolved": "2.1.0",
        "contentHash": "Vooz1wbnnqWuS+u93tADXK5Owxo8vLJhSrZ9Ac+KpgDF3GJq9TybXXTF1TFcWILgEtRThc8AOBENEzB0TQH1JA=="
      },
      "Microsoft.Agents.AI.Abstractions": {
        "type": "Transitive",
        "resolved": "1.0.0",
        "contentHash": "xvQkgKyKk/9uvaejku15MF7kQHDCCslSWgb7YQShWxivtgjgFS5NivTDAVcwXAL5MKakLmDAyUCKzzI6h8Xvzg==",
        "dependencies": {
          "Microsoft.Extensions.AI.Abstractions": "10.4.0",
          "System.Text.Json": "10.0.4"
        }
      },
      "Microsoft.Bcl.AsyncInterfaces": {
        "type": "Transitive",
        "resolved": "10.0.2",
        "contentHash": "qE5JhRoeJbAipLqpUCZyNfNwnpAvUttXgIQDnTiJ15d8ji+/bPgoPkB3xLzK5cQTobN2D2ditUesUlDHb7p3Pg=="
      },
      "Microsoft.Bcl.HashCode": {
        "type": "Transitive",
        "resolved": "1.1.1",
        "contentHash": "MalY0Y/uM/LjXtHfX/26l2VtN4LDNZ2OE3aumNOHDLsT4fNYy2hiHXI4CXCqKpNUNm7iJ2brrc4J89UdaL56FA=="
      },
      "Microsoft.Extensions.AI": {
        "type": "Transitive",
        "resolved": "10.5.0",
        "contentHash": "UwUYEUqB7v74IYFRzPmjiN0i6JvHFC2P5laO5ZV2LvDRuz84+16XIkMVwT8nKyHJHT2gWOqywiTMC2pa50IrTA==",
        "dependencies": {
          "Microsoft.Extensions.AI.Abstractions": "10.5.0",
          "Microsoft.Extensions.Caching.Abstractions": "10.0.6",
          "Microsoft.Extensions.DependencyInjection.Abstractions": "10.0.6",
          "Microsoft.Extensions.Logging.Abstractions": "10.0.6",
          "System.Diagnostics.DiagnosticSource": "10.0.6",
          "System.Numerics.Tensors": "10.0.6",
          "System.Text.Json": "10.0.6",
          "System.Threading.Channels": "10.0.6"
        }
      },
      "Microsoft.Extensions.AI.OpenAI": {
        "type": "Transitive",
        "resolved": "10.5.0",
        "contentHash": "K1ZTH8waff1pnnDG6kPN07ce2oq4AJKFds4MGmE+EX+f0QYMO316HKSAcCZjrhnisAj+rJ4nSkrG9FjgjTA9nw==",
        "dependencies": {
          "Microsoft.Extensions.AI.Abstractions": "10.5.0",
          "OpenAI": "2.10.0",
          "System.Text.Json": "10.0.6"
        }
      },
      "Microsoft.Extensions.Caching.Abstractions": {
        "type": "Transitive",
        "resolved": "10.0.6",
        "contentHash": "Ilr690V+E1H116ncF00KIlvRloKXBdCExaNqcT9BvCcS5nFGR1pcTamSA2EI8pOXbNp0DHZm8K8h6Wl1hMSbIQ==",
        "dependencies": {
          "Microsoft.Extensions.Primitives": "10.0.6"
        }
      },
      "Microsoft.Extensions.Configuration.Abstractions": {
        "type": "Transitive",
        "resolved": "10.0.3",
        "contentHash": "xVDHL0+SIgemfh95fTO9cGLe17TWv/ZP0n7m01z8X6pzt2DmQpucioWR/mYZA1sRlkWnkXzfl0JweLNWmE9WMg==",
        "dependencies": {
          "Microsoft.Extensions.Primitives": "10.0.3"
        }
      },
      "Microsoft.Extensions.DependencyInjection": {
        "type": "Transitive",
        "resolved": "10.0.2",
        "contentHash": "J/Zmp6fY93JbaiZ11ckWvcyxMPjD6XVwIHQXBjryTBgn7O6O20HYg9uVLFcZlNfgH78MnreE/7EH+hjfzn7VyA==",
        "dependencies": {
          "Microsoft.Extensions.DependencyInjection.Abstractions": "10.0.2"
        }
      },
      "Microsoft.Extensions.DependencyInjection.Abstractions": {
        "type": "Transitive",
        "resolved": "10.0.6",
        "contentHash": "w+dX4SIr1X9yegX2yX2dU1XtP4JAUVNdvOG/Evn+H+ndn96YzfIPX52FALXChrRNWFR9l77FQyg1mB7WQo6iOA=="
      },
      "Microsoft.Extensions.Diagnostics.Abstractions": {
        "type": "Transitive",
        "resolved": "10.0.3",
        "contentHash": "mQiTzAj7PIJ2A9YXR5QhgulS1fTWhmQc3ckd1Mrf3hKW07d03fBDqx8vVaFw+cRTebDOeB6pNqdWdnRxsi1hBA==",
        "dependencies": {
          "Microsoft.Extensions.DependencyInjection.Abstractions": "10.0.3",
          "Microsoft.Extensions.Options": "10.0.3",
          "System.Diagnostics.DiagnosticSource": "10.0.3"
        }
      },
      "Microsoft.Extensions.FileProviders.Abstractions": {
        "type": "Transitive",
        "resolved": "10.0.3",
        "contentHash": "4TD9AXDRsipTmaemwnjt/DM5Ri0de2JzHQhvZ4woBTjUtL4XrPNsMrOk5oiLJAx1gTrE6pOIhxv+lEde5F6CZA==",
        "dependencies": {
          "Microsoft.Extensions.Primitives": "10.0.3"
        }
      },
      "Microsoft.Extensions.Hosting.Abstractions": {
        "type": "Transitive",
        "resolved": "10.0.3",
        "contentHash": "GdMpC10Jf6poxSvUJ4lgYpJ5F/kJeaAoJmrPufjBoPYyCTKKY5Dyl0rZA+LBNvFqTq1cZa/lhlptlUhNvU6xrg==",
        "dependencies": {
          "Microsoft.Extensions.Configuration.Abstractions": "10.0.3",
          "Microsoft.Extensions.DependencyInjection.Abstractions": "10.0.3",
          "Microsoft.Extensions.Diagnostics.Abstractions": "10.0.3",
          "Microsoft.Extensions.FileProviders.Abstractions": "10.0.3",
          "Microsoft.Extensions.Logging.Abstractions": "10.0.3"
        }
      },
      "Microsoft.Extensions.Options": {
        "type": "Transitive",
        "resolved": "10.0.3",
        "contentHash": "hU6WzGTPvPoLA2ng1ILvWQb3g0qORdlHNsxI8IcPLumJb3suimYUl+bbDzdo1V4KFsvVhnMWzysHpKbZaoDQPQ==",
        "dependencies": {
          "Microsoft.Extensions.DependencyInjection.Abstractions": "10.0.3",
          "Microsoft.Extensions.Primitives": "10.0.3"
        }
      },
      "Microsoft.Extensions.Primitives": {
        "type": "Transitive",
        "resolved": "10.0.6",
        "contentHash": "L8P21mqaG+CXvPheLndean/cHCOcItJqH8nx+0YQnK7wAiOR0G1IOC418ZSzTMD2D6Gmo0f2M5WR70XtpX2B8g=="
      },
      "Microsoft.SemanticKernel.Abstractions": {
        "type": "Transitive",
        "resolved": "1.78.0",
        "contentHash": "NARo67NbGWyA2d6KChx+Sw2CcgzzzMJ+5I1YljHtFecX6ynvvnRCuFa0fS8XuqT5Elk7DAHF82pcELkP3g160w==",
        "dependencies": {
          "Microsoft.Bcl.HashCode": "1.1.1",
          "Microsoft.Extensions.AI": "10.5.0",
          "Microsoft.Extensions.VectorData.Abstractions": "10.1.0",
          "System.Linq.AsyncEnumerable": "10.0.4",
          "System.Text.Json": "10.0.6"
        }
      },
      "Microsoft.SemanticKernel.Agents.Abstractions": {
        "type": "Transitive",
        "resolved": "1.78.0",
        "contentHash": "ZhsbDp+BfJDXbvrbUrgNVIkWpz9IdzxQ2pLMpVCev2FnXsBJt8NGGvGOsCNozE5ovb1a13xQYiC+QmdHiIBWdA==",
        "dependencies": {
          "Microsoft.Agents.AI.Abstractions": "1.0.0",
          "Microsoft.SemanticKernel.Abstractions": "1.78.0",
          "System.Text.Json": "10.0.6"
        }
      },
      "Microsoft.SemanticKernel.Connectors.AzureOpenAI": {
        "type": "Transitive",
        "resolved": "1.78.0",
        "contentHash": "zTynOu7xgUfVT+i9gizCdCcWlGrAuqNoVWnKLglYi93oMQehFVZ93Uh2FVdflDzDX8mvn2QvcZSTa0Zl9g37eQ==",
        "dependencies": {
          "Azure.AI.OpenAI": "2.9.0-beta.1",
          "Microsoft.SemanticKernel.Connectors.OpenAI": "1.78.0",
          "Microsoft.SemanticKernel.Core": "1.78.0"
        }
      },
      "Microsoft.SemanticKernel.Core": {
        "type": "Transitive",
        "resolved": "1.78.0",
        "contentHash": "l3UgcTnEZL0sqqgxlhmDOrxbbJyqEH8ZxT2oQVvUc3Z2EMadh8Iv3KFxf/pfXLt4KB40Fs/C0TmRByWTg4c0KA==",
        "dependencies": {
          "Microsoft.Extensions.DependencyInjection": "10.0.2",
          "Microsoft.SemanticKernel.Abstractions": "1.78.0",
          "System.Numerics.Tensors": "10.0.6"
        }
      },
      "OpenAI": {
        "type": "Transitive",
        "resolved": "2.10.0",
        "contentHash": "e5gAhMDcX5bFmmtR+lT6qZxJoaGb0SkIplPUUdKwcC4xerCh471hTIsrvfkou7scfZD9YQk6C06dP3NwBqHw1A==",
        "dependencies": {
          "System.ClientModel": "1.10.0",
          "System.Net.ServerSentEvents": "10.0.2"
        }
      },
      "System.ClientModel": {
        "type": "Transitive",
        "resolved": "1.10.0",
        "contentHash": "lBEWs54F5Y5pZ9hC+8z4S/X76957ex+DPk7WecRHlbIHtrPfbRMMlOgI3iDn4Jpb3bSxvBnKaaHoD59auFjlBA==",
        "dependencies": {
          "Microsoft.Extensions.Configuration.Abstractions": "10.0.3",
          "Microsoft.Extensions.Hosting.Abstractions": "10.0.3",
          "Microsoft.Extensions.Logging.Abstractions": "10.0.3",
          "System.Diagnostics.DiagnosticSource": "10.0.3",
          "System.Memory.Data": "10.0.3",
          "System.Text.Json": "10.0.3"
        }
      },
      "System.Diagnostics.DiagnosticSource": {
        "type": "Transitive",
        "resolved": "10.0.6",
        "contentHash": "v/YvmOpq+lv50oxxIDSvZlgiFD2m38DogHTE4MToMEGf6HtgBAmy8gB7Oq0C2pBt+6/bLvUnzLxubWFcvfzTsQ=="
      },
      "System.IO.Pipelines": {
        "type": "Transitive",
        "resolved": "10.0.10",
        "contentHash": "7WX0W96y3dpQdYG4sEGdh38g3/0lOD4/dKbn2rRVOVzKhzoZUn2gKNIKaFeKWs8RCbpFfmmEWsRhSy95hMpvqA=="
      },
      "System.Linq.AsyncEnumerable": {
        "type": "Transitive",
        "resolved": "10.0.4",
        "contentHash": "zGjd0H9R+1ojPL5D5kwvHgKMm4aohcYOChSQrxb9s295xQNxgXhs9L4qAL34SbA2TfRFuAvPTF7AAqPeNacRcg=="
      },
      "System.Memory.Data": {
        "type": "Transitive",
        "resolved": "10.0.3",
        "contentHash": "MaGhRfGunmrj/nHjtsi9XkhlYJ/ERGWrbA+BiSKNtGnAjc9XlG5EhAvak6VRcX5LYzPF6pBO8nJ613dTgzabig==",
        "dependencies": {
          "System.Text.Json": "10.0.3"
        }
      },
      "System.Net.ServerSentEvents": {
        "type": "Transitive",
        "resolved": "10.0.2",
        "contentHash": "pRmUzK1Av9Lqg5tOnk5/0+pFw195eVDP/9gJ2LP0YVPLzOGwjK3Obiutw4CKcJ2Gl9fOYTEc5Za8sB1/xexeGg=="
      },
      "System.Numerics.Tensors": {
        "type": "Transitive",
        "resolved": "10.0.6",
        "contentHash": "DOZ8Z8CxHVWU8gSo4ZQ8sCAPIQb+agp56ISuMiu39WWZiV+reZwn9NM1tj4lRDfqLaOAinF6zTi0csmFBQes9Q=="
      },
      "System.Text.Encodings.Web": {
        "type": "Transitive",
        "resolved": "10.0.10",
        "contentHash": "o16m2YpDN/pjHsnxf9pTGwkpcuvjW8v1/wGUwJtM1c3QZUKm7ZEO/eYRJg7iIx6GxS2Zv9lAMHpiQwHDdgqauA=="
      },
      "System.Text.Json": {
        "type": "Transitive",
        "resolved": "10.0.10",
        "contentHash": "bmsO6UdYtBdtn32zYXfsh7KlyTIzV/3V9hdT9RIb4pXKgYOsNxXR+VbWigNwBtNFVGYGm6Hwmqw5a+/IWFd36Q==",
        "dependencies": {
          "System.IO.Pipelines": "10.0.10",
          "System.Text.Encodings.Web": "10.0.10"
        }
      },
      "System.Threading.Channels": {
        "type": "Transitive",
        "resolved": "10.0.6",
        "contentHash": "ZmJYpHDfHoYnnVs+FUklz+PrK1PmEA8AX4U/X/ai6+enPhPY1z+H0HC8TUR7VDrx/WO97O5aEbW6YenmYTo+GA=="
      },
      "YamlDotNet": {
        "type": "Transitive",
        "resolved": "16.3.0",
        "contentHash": "SgMOdxbz8X65z8hraIs6hOEdnkH6hESTAIUa7viEngHOYaH+6q5XJmwr1+yb9vJpNQ19hCQY69xbFsLtXpobQA=="
      },
      "athena.core": {
        "type": "Project",
        "dependencies": {
          "Microsoft.Extensions.VectorData.Abstractions": "[10.1.0, )"
        }
      },
      "athena.filters": {
        "type": "Project",
        "dependencies": {
          "Athena.Core": "[1.0.0, )",
          "Athena.Retrieval": "[1.0.0, )",
          "Microsoft.SemanticKernel": "[1.78.0, )"
        }
      },
      "athena.plugins": {
        "type": "Project",
        "dependencies": {
          "Athena.Core": "[1.0.0, )",
          "Athena.Recommendation": "[1.0.0, )",
          "Athena.Retrieval": "[1.0.0, )",
          "Microsoft.Extensions.AI.Abstractions": "[10.8.0, )",
          "Microsoft.Extensions.VectorData.Abstractions": "[10.1.0, )",
          "Microsoft.SemanticKernel": "[1.78.0, )",
          "Microsoft.SemanticKernel.Yaml": "[1.78.0, )"
        }
      },
      "athena.recommendation": {
        "type": "Project",
        "dependencies": {
          "Athena.Core": "[1.0.0, )",
          "Athena.Retrieval": "[1.0.0, )"
        }
      },
      "athena.retrieval": {
        "type": "Project",
        "dependencies": {
          "Athena.Core": "[1.0.0, )",
          "Lucene.Net": "[4.8.0-beta00018, )",
          "Lucene.Net.Analysis.Common": "[4.8.0-beta00018, )",
          "Microsoft.Extensions.AI.Abstractions": "[10.8.0, )",
          "Microsoft.Extensions.VectorData.Abstractions": "[10.1.0, )",
          "Microsoft.SemanticKernel": "[1.78.0, )",
          "Microsoft.SemanticKernel.Connectors.OpenAI": "[1.78.0, )"
        }
      },
      "Lucene.Net": {
        "type": "CentralTransitive",
        "requested": "[4.8.0-beta00018, )",
        "resolved": "4.8.0-beta00018",
        "contentHash": "iBkkpkDbAHjpZ0dnukFnWnjxSNmsRHOSxrYBBKbtcYJZ8PQRrKsqGGyNm8xmh4ORvsJ1WM7i5A9whiyA8WhNrQ==",
        "dependencies": {
          "J2N": "[2.1.0, 3.0.0)",
          "Microsoft.Extensions.Configuration.Abstractions": "8.0.0"
        }
      },
      "Lucene.Net.Analysis.Common": {
        "type": "CentralTransitive",
        "requested": "[4.8.0-beta00018, )",
        "resolved": "4.8.0-beta00018",
        "contentHash": "35M1i4enb8rVeqXiKgDJzgqYDa5VtpgI2sK5gYg1Yd9kmpjPmaLHgN9/rGyHd67XWhT7fh0X8UuXu70PH58pcA==",
        "dependencies": {
          "Lucene.Net": "4.8.0-beta00018"
        }
      },
      "Microsoft.Extensions.AI.Abstractions": {
        "type": "CentralTransitive",
        "requested": "[10.8.0, )",
        "resolved": "10.8.0",
        "contentHash": "1tJZ5sAYrEq1YjNg8GrZSL1tVodsWRfrgybGsZo5DQsWQgLZ+dSR5uFowIS6vb/9zxGBPl7xpYq53QMjNObO9w==",
        "dependencies": {
          "System.Text.Json": "10.0.10"
        }
      },
      "Microsoft.Extensions.Logging.Abstractions": {
        "type": "CentralTransitive",
        "requested": "[10.0.10, )",
        "resolved": "10.0.6",
        "contentHash": "1YgBO3wAy0dlpQyVTKWBSPND/t0yZHsvd3shGpbeEwH8JSb2hnFI2pNFrOOUi/stsp+T/dqwqmRIGh47ibo9bw==",
        "dependencies": {
          "Microsoft.Extensions.DependencyInjection.Abstractions": "10.0.6",
          "System.Diagnostics.DiagnosticSource": "10.0.6"
        }
      },
      "Microsoft.Extensions.VectorData.Abstractions": {
        "type": "CentralTransitive",
        "requested": "[10.1.0, )",
        "resolved": "10.1.0",
        "contentHash": "I2XfmqEOWOq0Esbo0eWQ6WE5MAJkGyIs057F8ncmPCLJFw9b1IB7Jj5WiFlH6C5YXCAG9Z91QMBD/SkcMLhE7w==",
        "dependencies": {
          "Microsoft.Extensions.AI.Abstractions": "10.4.0"
        }
      },
      "Microsoft.SemanticKernel.Yaml": {
        "type": "CentralTransitive",
        "requested": "[1.78.0, )",
        "resolved": "1.78.0",
        "contentHash": "fqejE2lqY+gJ656T2Qf/X4e3HSGsYskEqMU3y0AXArGeeYSNljt1ofCAao8BrTq6uN8gKHkoerZ1Uiln18Ni9A==",
        "dependencies": {
          "Microsoft.SemanticKernel.Core": "1.78.0",
          "YamlDotNet": "16.3.0"
        }
      }
    }
  }
}